// !$*UTF8*$!
{
	archiveVersion = 1;
	classes = {
	};
	objectVersion = 46;
	objects = {

/* Begin PBXBuildFile section */
		7D0A73CE1EB5440B00EE9092 /* SpeedRecognitionViewController.m in Sources */ = {isa = PBXBuildFile; fileRef = 7D0A73CD1EB5440B00EE9092 /* SpeedRecognitionViewController.m */; };
		7D0A73D11EB5A22C00EE9092 /* SpeedRecognition.m in Sources */ = {isa = PBXBuildFile; fileRef = 7D0A73D01EB5A22C00EE9092 /* SpeedRecognition.m */; };
		7D0A73D41EBDC5E900EE9092 /* UIAlertController+Common.m in Sources */ = {isa = PBXBuildFile; fileRef = 7D0A73D31EBDC5E900EE9092 /* UIAlertController+Common.m */; };
		7D3D98E91E954431001A16C7 /* TransitTableViewCell.m in Sources */ = {isa = PBXBuildFile; fileRef = 7D3D98E71E954431001A16C7 /* TransitTableViewCell.m */; };
		7D3D98EA1E954431001A16C7 /* TransitTableViewCell.xib in Resources */ = {isa = PBXBuildFile; fileRef = 7D3D98E81E954431001A16C7 /* TransitTableViewCell.xib */; };
		7D3D98F01E954544001A16C7 /* TransitResultViewController.m in Sources */ = {isa = PBXBuildFile; fileRef = 7D3D98EF1E954544001A16C7 /* TransitResultViewController.m */; };
		7D3D98F41E9546A2001A16C7 /* UIColor+Flat.m in Sources */ = {isa = PBXBuildFile; fileRef = 7D3D98F31E9546A2001A16C7 /* UIColor+Flat.m */; };
		7D3D98F91E955083001A16C7 /* TransitGuideViewController.m in Sources */ = {isa = PBXBuildFile; fileRef = 7D3D98F81E955083001A16C7 /* TransitGuideViewController.m */; };
		8B306FF51E949ACB0072B35C /* main.m in Sources */ = {isa = PBXBuildFile; fileRef = 8B306FF41E949ACB0072B35C /* main.m */; };
		8B306FF81E949ACB0072B35C /* AppDelegate.m in Sources */ = {isa = PBXBuildFile; fileRef = 8B306FF71E949ACB0072B35C /* AppDelegate.m */; };
		8B306FFB1E949ACB0072B35C /* ViewController.m in Sources */ = {isa = PBXBuildFile; fileRef = 8B306FFA1E949ACB0072B35C /* ViewController.m */; };
		8B306FFE1E949ACB0072B35C /* Main.storyboard in Resources */ = {isa = PBXBuildFile; fileRef = 8B306FFC1E949ACB0072B35C /* Main.storyboard */; };
		8B3070001E949ACB0072B35C /* Assets.xcassets in Resources */ = {isa = PBXBuildFile; fileRef = 8B306FFF1E949ACB0072B35C /* Assets.xcassets */; };
		8B3070031E949ACB0072B35C /* LaunchScreen.storyboard in Resources */ = {isa = PBXBuildFile; fileRef = 8B3070011E949ACB0072B35C /* LaunchScreen.storyboard */; };
		8B30700E1E949ACB0072B35C /* ____Tests.m in Sources */ = {isa = PBXBuildFile; fileRef = 8B30700D1E949ACB0072B35C /* ____Tests.m */; };
		8B3070191E949ACB0072B35C /* ____UITests.m in Sources */ = {isa = PBXBuildFile; fileRef = 8B3070181E949ACB0072B35C /* ____UITests.m */; };
		8B3070291E94C1860072B35C /* SearchViewController.m in Sources */ = {isa = PBXBuildFile; fileRef = 8B3070281E94C1860072B35C /* SearchViewController.m */; };
		8B30702E1E94D4200072B35C /* SearchView.m in Sources */ = {isa = PBXBuildFile; fileRef = 8B30702D1E94D4200072B35C /* SearchView.m */; };
		8B3070501E95E90F0072B35C /* BaseViewController.m in Sources */ = {isa = PBXBuildFile; fileRef = 8B30704F1E95E90F0072B35C /* BaseViewController.m */; };
		8B3070531E95EAC30072B35C /* RouteMapDetailViewController.m in Sources */ = {isa = PBXBuildFile; fileRef = 8B3070521E95EAC30072B35C /* RouteMapDetailViewController.m */; };
		8B3070561E95EC1A0072B35C /* LocationView.m in Sources */ = {isa = PBXBuildFile; fileRef = 8B3070551E95EC1A0072B35C /* LocationView.m */; };
		8B30705F1E9620710072B35C /* WalkCell.m in Sources */ = {isa = PBXBuildFile; fileRef = 8B30705D1E9620710072B35C /* WalkCell.m */; };
		8B3070601E9620710072B35C /* WalkCell.xib in Resources */ = {isa = PBXBuildFile; fileRef = 8B30705E1E9620710072B35C /* WalkCell.xib */; };
		8B30706A1E9634990072B35C /* ReGoecode.m in Sources */ = {isa = PBXBuildFile; fileRef = 8B3070691E9634990072B35C /* ReGoecode.m */; };
		8B3070711E972D850072B35C /* NSDate+Common.m in Sources */ = {isa = PBXBuildFile; fileRef = 8B3070701E972D850072B35C /* NSDate+Common.m */; };
		8B505EBB1E9B2D0B002776CE /* SearchTipsCell.m in Sources */ = {isa = PBXBuildFile; fileRef = 8B505EB91E9B2D0B002776CE /* SearchTipsCell.m */; };
		8B505EBC1E9B2D0B002776CE /* SearchTipsCell.xib in Resources */ = {isa = PBXBuildFile; fileRef = 8B505EBA1E9B2D0B002776CE /* SearchTipsCell.xib */; };
		8B7A67111E9B32FA00BCC29A /* TipsEmptyView.m in Sources */ = {isa = PBXBuildFile; fileRef = 8B7A67101E9B32FA00BCC29A /* TipsEmptyView.m */; };
		8BA9E2561E976AEE00F7A6E2 /* StationCell.m in Sources */ = {isa = PBXBuildFile; fileRef = 8BA9E2541E976AEE00F7A6E2 /* StationCell.m */; };
		8BA9E2571E976AEE00F7A6E2 /* StationCell.xib in Resources */ = {isa = PBXBuildFile; fileRef = 8BA9E2551E976AEE00F7A6E2 /* StationCell.xib */; };
		8BA9E25C1E98754400F7A6E2 /* StartStopCell.m in Sources */ = {isa = PBXBuildFile; fileRef = 8BA9E25A1E98754400F7A6E2 /* StartStopCell.m */; };
		8BA9E25D1E98754400F7A6E2 /* StartStopCell.xib in Resources */ = {isa = PBXBuildFile; fileRef = 8BA9E25B1E98754400F7A6E2 /* StartStopCell.xib */; };
		8BA9E2611E98756500F7A6E2 /* DestinationStopCell.m in Sources */ = {isa = PBXBuildFile; fileRef = 8BA9E25F1E98756500F7A6E2 /* DestinationStopCell.m */; };
		8BA9E2621E98756500F7A6E2 /* DestinationStopCell.xib in Resources */ = {isa = PBXBuildFile; fileRef = 8BA9E2601E98756500F7A6E2 /* DestinationStopCell.xib */; };
		8BA9E2651E987C4B00F7A6E2 /* StartStopModel.m in Sources */ = {isa = PBXBuildFile; fileRef = 8BA9E2641E987C4B00F7A6E2 /* StartStopModel.m */; };
		8BA9E2681E987C5E00F7A6E2 /* DestinationStopModel.m in Sources */ = {isa = PBXBuildFile; fileRef = 8BA9E2671E987C5E00F7A6E2 /* DestinationStopModel.m */; };
		8BA9E26B1E98B66300F7A6E2 /* NSMutableArray+Common.m in Sources */ = {isa = PBXBuildFile; fileRef = 8BA9E26A1E98B66300F7A6E2 /* NSMutableArray+Common.m */; };
		8BA9E2701E98E4E900F7A6E2 /* UIViewController+Common.m in Sources */ = {isa = PBXBuildFile; fileRef = 8BA9E26F1E98E4E900F7A6E2 /* UIViewController+Common.m */; };
		8BA9E2731E98ECDE00F7A6E2 /* UIImage+Common.m in Sources */ = {isa = PBXBuildFile; fileRef = 8BA9E2721E98ECDE00F7A6E2 /* UIImage+Common.m */; };
		CBD9C1EDF56E9D8EFEF88468 /* libPods-路线规划.a in Frameworks */ = {isa = PBXBuildFile; fileRef = C9348F6DA268F85D310C6470 /* libPods-路线规划.a */; };
/* End PBXBuildFile section */

/* Begin PBXContainerItemProxy section */
		8B30700A1E949ACB0072B35C /* PBXContainerItemProxy */ = {
			isa = PBXContainerItemProxy;
			containerPortal = 8B306FE81E949ACB0072B35C /* Project object */;
			proxyType = 1;
			remoteGlobalIDString = 8B306FEF1E949ACB0072B35C;
			remoteInfo = "路线规划";
		};
		8B3070151E949ACB0072B35C /* PBXContainerItemProxy */ = {
			isa = PBXContainerItemProxy;
			containerPortal = 8B306FE81E949ACB0072B35C /* Project object */;
			proxyType = 1;
			remoteGlobalIDString = 8B306FEF1E949ACB0072B35C;
			remoteInfo = "路线规划";
		};
/* End PBXContainerItemProxy section */

/* Begin PBXFileReference section */
		7D0A73CC1EB5440B00EE9092 /* SpeedRecognitionViewController.h */ = {isa = PBXFileReference; fileEncoding = 4; lastKnownFileType = sourcecode.c.h; path = SpeedRecognitionViewController.h; sourceTree = "<group>"; };
		7D0A73CD1EB5440B00EE9092 /* SpeedRecognitionViewController.m */ = {isa = PBXFileReference; fileEncoding = 4; lastKnownFileType = sourcecode.c.objc; path = SpeedRecognitionViewController.m; sourceTree = "<group>"; };
		7D0A73CF1EB5A22C00EE9092 /* SpeedRecognition.h */ = {isa = PBXFileReference; fileEncoding = 4; lastKnownFileType = sourcecode.c.h; path = SpeedRecognition.h; sourceTree = "<group>"; };
		7D0A73D01EB5A22C00EE9092 /* SpeedRecognition.m */ = {isa = PBXFileReference; fileEncoding = 4; lastKnownFileType = sourcecode.c.objc; path = SpeedRecognition.m; sourceTree = "<group>"; };
		7D0A73D21EBDC5E900EE9092 /* UIAlertController+Common.h */ = {isa = PBXFileReference; fileEncoding = 4; lastKnownFileType = sourcecode.c.h; path = "UIAlertController+Common.h"; sourceTree = "<group>"; };
		7D0A73D31EBDC5E900EE9092 /* UIAlertController+Common.m */ = {isa = PBXFileReference; fileEncoding = 4; lastKnownFileType = sourcecode.c.objc; path = "UIAlertController+Common.m"; sourceTree = "<group>"; };
		7D3D98E61E954431001A16C7 /* TransitTableViewCell.h */ = {isa = PBXFileReference; fileEncoding = 4; lastKnownFileType = sourcecode.c.h; path = TransitTableViewCell.h; sourceTree = "<group>"; };
		7D3D98E71E954431001A16C7 /* TransitTableViewCell.m */ = {isa = PBXFileReference; fileEncoding = 4; lastKnownFileType = sourcecode.c.objc; path = TransitTableViewCell.m; sourceTree = "<group>"; };
		7D3D98E81E954431001A16C7 /* TransitTableViewCell.xib */ = {isa = PBXFileReference; fileEncoding = 4; lastKnownFileType = file.xib; path = TransitTableViewCell.xib; sourceTree = "<group>"; };
		7D3D98EE1E954544001A16C7 /* TransitResultViewController.h */ = {isa = PBXFileReference; fileEncoding = 4; lastKnownFileType = sourcecode.c.h; path = TransitResultViewController.h; sourceTree = "<group>"; };
		7D3D98EF1E954544001A16C7 /* TransitResultViewController.m */ = {isa = PBXFileReference; fileEncoding = 4; lastKnownFileType = sourcecode.c.objc; path = TransitResultViewController.m; sourceTree = "<group>"; };
		7D3D98F21E9546A2001A16C7 /* UIColor+Flat.h */ = {isa = PBXFileReference; fileEncoding = 4; lastKnownFileType = sourcecode.c.h; path = "UIColor+Flat.h"; sourceTree = "<group>"; };
		7D3D98F31E9546A2001A16C7 /* UIColor+Flat.m */ = {isa = PBXFileReference; fileEncoding = 4; lastKnownFileType = sourcecode.c.objc; path = "UIColor+Flat.m"; sourceTree = "<group>"; };
		7D3D98F61E954778001A16C7 /* PrefixHeader.pch */ = {isa = PBXFileReference; lastKnownFileType = sourcecode.c.h; path = PrefixHeader.pch; sourceTree = "<group>"; };
		7D3D98F71E955083001A16C7 /* TransitGuideViewController.h */ = {isa = PBXFileReference; fileEncoding = 4; lastKnownFileType = sourcecode.c.h; path = TransitGuideViewController.h; sourceTree = "<group>"; };
		7D3D98F81E955083001A16C7 /* TransitGuideViewController.m */ = {isa = PBXFileReference; fileEncoding = 4; lastKnownFileType = sourcecode.c.objc; path = TransitGuideViewController.m; sourceTree = "<group>"; };
		8B306FF01E949ACB0072B35C /* 路线规划.app */ = {isa = PBXFileReference; explicitFileType = wrapper.application; includeInIndex = 0; path = "路线规划.app"; sourceTree = BUILT_PRODUCTS_DIR; };
		8B306FF41E949ACB0072B35C /* main.m */ = {isa = PBXFileReference; lastKnownFileType = sourcecode.c.objc; path = main.m; sourceTree = "<group>"; };
		8B306FF61E949ACB0072B35C /* AppDelegate.h */ = {isa = PBXFileReference; lastKnownFileType = sourcecode.c.h; path = AppDelegate.h; sourceTree = "<group>"; };
		8B306FF71E949ACB0072B35C /* AppDelegate.m */ = {isa = PBXFileReference; lastKnownFileType = sourcecode.c.objc; path = AppDelegate.m; sourceTree = "<group>"; };
		8B306FF91E949ACB0072B35C /* ViewController.h */ = {isa = PBXFileReference; lastKnownFileType = sourcecode.c.h; path = ViewController.h; sourceTree = "<group>"; };
		8B306FFA1E949ACB0072B35C /* ViewController.m */ = {isa = PBXFileReference; lastKnownFileType = sourcecode.c.objc; path = ViewController.m; sourceTree = "<group>"; };
		8B306FFD1E949ACB0072B35C /* Base */ = {isa = PBXFileReference; lastKnownFileType = file.storyboard; name = Base; path = Base.lproj/Main.storyboard; sourceTree = "<group>"; };
		8B306FFF1E949ACB0072B35C /* Assets.xcassets */ = {isa = PBXFileReference; lastKnownFileType = folder.assetcatalog; path = Assets.xcassets; sourceTree = "<group>"; };
		8B3070021E949ACB0072B35C /* Base */ = {isa = PBXFileReference; lastKnownFileType = file.storyboard; name = Base; path = Base.lproj/LaunchScreen.storyboard; sourceTree = "<group>"; };
		8B3070041E949ACB0072B35C /* Info.plist */ = {isa = PBXFileReference; lastKnownFileType = text.plist.xml; path = Info.plist; sourceTree = "<group>"; };
		8B3070091E949ACB0072B35C /* 路线规划Tests.xctest */ = {isa = PBXFileReference; explicitFileType = wrapper.cfbundle; includeInIndex = 0; path = "路线规划Tests.xctest"; sourceTree = BUILT_PRODUCTS_DIR; };
		8B30700D1E949ACB0072B35C /* ____Tests.m */ = {isa = PBXFileReference; lastKnownFileType = sourcecode.c.objc; path = "____Tests.m"; sourceTree = "<group>"; };
		8B30700F1E949ACB0072B35C /* Info.plist */ = {isa = PBXFileReference; lastKnownFileType = text.plist.xml; path = Info.plist; sourceTree = "<group>"; };
		8B3070141E949ACB0072B35C /* 路线规划UITests.xctest */ = {isa = PBXFileReference; explicitFileType = wrapper.cfbundle; includeInIndex = 0; path = "路线规划UITests.xctest"; sourceTree = BUILT_PRODUCTS_DIR; };
		8B3070181E949ACB0072B35C /* ____UITests.m */ = {isa = PBXFileReference; lastKnownFileType = sourcecode.c.objc; path = "____UITests.m"; sourceTree = "<group>"; };
		8B30701A1E949ACB0072B35C /* Info.plist */ = {isa = PBXFileReference; lastKnownFileType = text.plist.xml; path = Info.plist; sourceTree = "<group>"; };
		8B3070261E94B2120072B35C /* Personal.h */ = {isa = PBXFileReference; lastKnownFileType = sourcecode.c.h; path = Personal.h; sourceTree = "<group>"; };
		8B3070271E94C1860072B35C /* SearchViewController.h */ = {isa = PBXFileReference; fileEncoding = 4; lastKnownFileType = sourcecode.c.h; path = SearchViewController.h; sourceTree = "<group>"; };
		8B3070281E94C1860072B35C /* SearchViewController.m */ = {isa = PBXFileReference; fileEncoding = 4; lastKnownFileType = sourcecode.c.objc; path = SearchViewController.m; sourceTree = "<group>"; };
		8B30702C1E94D4200072B35C /* SearchView.h */ = {isa = PBXFileReference; fileEncoding = 4; lastKnownFileType = sourcecode.c.h; path = SearchView.h; sourceTree = "<group>"; };
		8B30702D1E94D4200072B35C /* SearchView.m */ = {isa = PBXFileReference; fileEncoding = 4; lastKnownFileType = sourcecode.c.objc; path = SearchView.m; sourceTree = "<group>"; };
		8B30704E1E95E90F0072B35C /* BaseViewController.h */ = {isa = PBXFileReference; fileEncoding = 4; lastKnownFileType = sourcecode.c.h; path = BaseViewController.h; sourceTree = "<group>"; };
		8B30704F1E95E90F0072B35C /* BaseViewController.m */ = {isa = PBXFileReference; fileEncoding = 4; lastKnownFileType = sourcecode.c.objc; path = BaseViewController.m; sourceTree = "<group>"; };
		8B3070511E95EAC30072B35C /* RouteMapDetailViewController.h */ = {isa = PBXFileReference; fileEncoding = 4; lastKnownFileType = sourcecode.c.h; path = RouteMapDetailViewController.h; sourceTree = "<group>"; };
		8B3070521E95EAC30072B35C /* RouteMapDetailViewController.m */ = {isa = PBXFileReference; fileEncoding = 4; lastKnownFileType = sourcecode.c.objc; path = RouteMapDetailViewController.m; sourceTree = "<group>"; };
		8B3070541E95EC1A0072B35C /* LocationView.h */ = {isa = PBXFileReference; fileEncoding = 4; lastKnownFileType = sourcecode.c.h; path = LocationView.h; sourceTree = "<group>"; };
		8B3070551E95EC1A0072B35C /* LocationView.m */ = {isa = PBXFileReference; fileEncoding = 4; lastKnownFileType = sourcecode.c.objc; path = LocationView.m; sourceTree = "<group>"; };
		8B30705C1E9620710072B35C /* WalkCell.h */ = {isa = PBXFileReference; fileEncoding = 4; lastKnownFileType = sourcecode.c.h; path = WalkCell.h; sourceTree = "<group>"; };
		8B30705D1E9620710072B35C /* WalkCell.m */ = {isa = PBXFileReference; fileEncoding = 4; lastKnownFileType = sourcecode.c.objc; path = WalkCell.m; sourceTree = "<group>"; };
		8B30705E1E9620710072B35C /* WalkCell.xib */ = {isa = PBXFileReference; fileEncoding = 4; lastKnownFileType = file.xib; path = WalkCell.xib; sourceTree = "<group>"; };
		8B3070681E9634990072B35C /* ReGoecode.h */ = {isa = PBXFileReference; fileEncoding = 4; lastKnownFileType = sourcecode.c.h; path = ReGoecode.h; sourceTree = "<group>"; };
		8B3070691E9634990072B35C /* ReGoecode.m */ = {isa = PBXFileReference; fileEncoding = 4; lastKnownFileType = sourcecode.c.objc; path = ReGoecode.m; sourceTree = "<group>"; };
		8B30706F1E972D850072B35C /* NSDate+Common.h */ = {isa = PBXFileReference; fileEncoding = 4; lastKnownFileType = sourcecode.c.h; path = "NSDate+Common.h"; sourceTree = "<group>"; };
		8B3070701E972D850072B35C /* NSDate+Common.m */ = {isa = PBXFileReference; fileEncoding = 4; lastKnownFileType = sourcecode.c.objc; path = "NSDate+Common.m"; sourceTree = "<group>"; };
		8B505EB81E9B2D0B002776CE /* SearchTipsCell.h */ = {isa = PBXFileReference; fileEncoding = 4; lastKnownFileType = sourcecode.c.h; path = SearchTipsCell.h; sourceTree = "<group>"; };
		8B505EB91E9B2D0B002776CE /* SearchTipsCell.m */ = {isa = PBXFileReference; fileEncoding = 4; lastKnownFileType = sourcecode.c.objc; path = SearchTipsCell.m; sourceTree = "<group>"; };
		8B505EBA1E9B2D0B002776CE /* SearchTipsCell.xib */ = {isa = PBXFileReference; fileEncoding = 4; lastKnownFileType = file.xib; path = SearchTipsCell.xib; sourceTree = "<group>"; };
		8B7A670F1E9B32FA00BCC29A /* TipsEmptyView.h */ = {isa = PBXFileReference; fileEncoding = 4; lastKnownFileType = sourcecode.c.h; path = TipsEmptyView.h; sourceTree = "<group>"; };
		8B7A67101E9B32FA00BCC29A /* TipsEmptyView.m */ = {isa = PBXFileReference; fileEncoding = 4; lastKnownFileType = sourcecode.c.objc; path = TipsEmptyView.m; sourceTree = "<group>"; };
		8BA9E2531E976AEE00F7A6E2 /* StationCell.h */ = {isa = PBXFileReference; fileEncoding = 4; lastKnownFileType = sourcecode.c.h; path = StationCell.h; sourceTree = "<group>"; };
		8BA9E2541E976AEE00F7A6E2 /* StationCell.m */ = {isa = PBXFileReference; fileEncoding = 4; lastKnownFileType = sourcecode.c.objc; path = StationCell.m; sourceTree = "<group>"; };
		8BA9E2551E976AEE00F7A6E2 /* StationCell.xib */ = {isa = PBXFileReference; fileEncoding = 4; lastKnownFileType = file.xib; path = StationCell.xib; sourceTree = "<group>"; };
		8BA9E2591E98754400F7A6E2 /* StartStopCell.h */ = {isa = PBXFileReference; fileEncoding = 4; lastKnownFileType = sourcecode.c.h; path = StartStopCell.h; sourceTree = "<group>"; };
		8BA9E25A1E98754400F7A6E2 /* StartStopCell.m */ = {isa = PBXFileReference; fileEncoding = 4; lastKnownFileType = sourcecode.c.objc; path = StartStopCell.m; sourceTree = "<group>"; };
		8BA9E25B1E98754400F7A6E2 /* StartStopCell.xib */ = {isa = PBXFileReference; fileEncoding = 4; lastKnownFileType = file.xib; path = StartStopCell.xib; sourceTree = "<group>"; };
		8BA9E25E1E98756500F7A6E2 /* DestinationStopCell.h */ = {isa = PBXFileReference; fileEncoding = 4; lastKnownFileType = sourcecode.c.h; path = DestinationStopCell.h; sourceTree = "<group>"; };
		8BA9E25F1E98756500F7A6E2 /* DestinationStopCell.m */ = {isa = PBXFileReference; fileEncoding = 4; lastKnownFileType = sourcecode.c.objc; path = DestinationStopCell.m; sourceTree = "<group>"; };
		8BA9E2601E98756500F7A6E2 /* DestinationStopCell.xib */ = {isa = PBXFileReference; fileEncoding = 4; lastKnownFileType = file.xib; path = DestinationStopCell.xib; sourceTree = "<group>"; };
		8BA9E2631E987C4B00F7A6E2 /* StartStopModel.h */ = {isa = PBXFileReference; fileEncoding = 4; lastKnownFileType = sourcecode.c.h; path = StartStopModel.h; sourceTree = "<group>"; };
		8BA9E2641E987C4B00F7A6E2 /* StartStopModel.m */ = {isa = PBXFileReference; fileEncoding = 4; lastKnownFileType = sourcecode.c.objc; path = StartStopModel.m; sourceTree = "<group>"; };
		8BA9E2661E987C5E00F7A6E2 /* DestinationStopModel.h */ = {isa = PBXFileReference; fileEncoding = 4; lastKnownFileType = sourcecode.c.h; path = DestinationStopModel.h; sourceTree = "<group>"; };
		8BA9E2671E987C5E00F7A6E2 /* DestinationStopModel.m */ = {isa = PBXFileReference; fileEncoding = 4; lastKnownFileType = sourcecode.c.objc; path = DestinationStopModel.m; sourceTree = "<group>"; };
		8BA9E2691E98B66300F7A6E2 /* NSMutableArray+Common.h */ = {isa = PBXFileReference; fileEncoding = 4; lastKnownFileType = sourcecode.c.h; path = "NSMutableArray+Common.h"; sourceTree = "<group>"; };
		8BA9E26A1E98B66300F7A6E2 /* NSMutableArray+Common.m */ = {isa = PBXFileReference; fileEncoding = 4; lastKnownFileType = sourcecode.c.objc; path = "NSMutableArray+Common.m"; sourceTree = "<group>"; };
		8BA9E26C1E98DC9500F7A6E2 /* Public.h */ = {isa = PBXFileReference; lastKnownFileType = sourcecode.c.h; path = Public.h; sourceTree = "<group>"; };
		8BA9E26E1E98E4E900F7A6E2 /* UIViewController+Common.h */ = {isa = PBXFileReference; fileEncoding = 4; lastKnownFileType = sourcecode.c.h; name = "UIViewController+Common.h"; path = "Assets.xcassets/UIViewController+Common.h"; sourceTree = "<group>"; };
		8BA9E26F1E98E4E900F7A6E2 /* UIViewController+Common.m */ = {isa = PBXFileReference; fileEncoding = 4; lastKnownFileType = sourcecode.c.objc; name = "UIViewController+Common.m"; path = "Assets.xcassets/UIViewController+Common.m"; sourceTree = "<group>"; };
		8BA9E2711E98ECDE00F7A6E2 /* UIImage+Common.h */ = {isa = PBXFileReference; fileEncoding = 4; lastKnownFileType = sourcecode.c.h; path = "UIImage+Common.h"; sourceTree = "<group>"; };
		8BA9E2721E98ECDE00F7A6E2 /* UIImage+Common.m */ = {isa = PBXFileReference; fileEncoding = 4; lastKnownFileType = sourcecode.c.objc; path = "UIImage+Common.m"; sourceTree = "<group>"; };
		B2158DFDE25BFDF8B72B8984 /* Pods-路线规划.debug.xcconfig */ = {isa = PBXFileReference; includeInIndex = 1; lastKnownFileType = text.xcconfig; name = "Pods-路线规划.debug.xcconfig"; path = "Pods/Target Support Files/Pods-路线规划/Pods-路线规划.debug.xcconfig"; sourceTree = "<group>"; };
		C16EB73FBC8B5A8BB3348BF5 /* Pods-路线规划.release.xcconfig */ = {isa = PBXFileReference; includeInIndex = 1; lastKnownFileType = text.xcconfig; name = "Pods-路线规划.release.xcconfig"; path = "Pods/Target Support Files/Pods-路线规划/Pods-路线规划.release.xcconfig"; sourceTree = "<group>"; };
		C9348F6DA268F85D310C6470 /* libPods-路线规划.a */ = {isa = PBXFileReference; explicitFileType = archive.ar; includeInIndex = 0; path = "libPods-路线规划.a"; sourceTree = BUILT_PRODUCTS_DIR; };
/* End PBXFileReference section */

/* Begin PBXFrameworksBuildPhase section */
		8B306FED1E949ACB0072B35C /* Frameworks */ = {
			isa = PBXFrameworksBuildPhase;
			buildActionMask = 2147483647;
			files = (
				CBD9C1EDF56E9D8EFEF88468 /* libPods-路线规划.a in Frameworks */,
			);
			runOnlyForDeploymentPostprocessing = 0;
		};
		8B3070061E949ACB0072B35C /* Frameworks */ = {
			isa = PBXFrameworksBuildPhase;
			buildActionMask = 2147483647;
			files = (
			);
			runOnlyForDeploymentPostprocessing = 0;
		};
		8B3070111E949ACB0072B35C /* Frameworks */ = {
			isa = PBXFrameworksBuildPhase;
			buildActionMask = 2147483647;
			files = (
			);
			runOnlyForDeploymentPostprocessing = 0;
		};
/* End PBXFrameworksBuildPhase section */

/* Begin PBXGroup section */
		5F1103E48E884484A26E80E8 /* Frameworks */ = {
			isa = PBXGroup;
			children = (
				C9348F6DA268F85D310C6470 /* libPods-路线规划.a */,
			);
			name = Frameworks;
			sourceTree = "<group>";
		};
		743FA90CEA37186154AF106C /* Pods */ = {
			isa = PBXGroup;
			children = (
				B2158DFDE25BFDF8B72B8984 /* Pods-路线规划.debug.xcconfig */,
				C16EB73FBC8B5A8BB3348BF5 /* Pods-路线规划.release.xcconfig */,
			);
			name = Pods;
			sourceTree = "<group>";
		};
		7D3D98E51E9543DC001A16C7 /* View */ = {
			isa = PBXGroup;
			children = (
				8B505EB71E9B2CC4002776CE /* TipsView */,
				8B3070611E96218D0072B35C /* RouteMapDetail */,
				8B30702C1E94D4200072B35C /* SearchView.h */,
				8B30702D1E94D4200072B35C /* SearchView.m */,
				7D3D98E61E954431001A16C7 /* TransitTableViewCell.h */,
				7D3D98E71E954431001A16C7 /* TransitTableViewCell.m */,
				7D3D98E81E954431001A16C7 /* TransitTableViewCell.xib */,
				8B3070541E95EC1A0072B35C /* LocationView.h */,
				8B3070551E95EC1A0072B35C /* LocationView.m */,
			);
			name = View;
			sourceTree = "<group>";
		};
		7D3D98F11E95468D001A16C7 /* Category */ = {
			isa = PBXGroup;
			children = (
				7D3D98F21E9546A2001A16C7 /* UIColor+Flat.h */,
				7D3D98F31E9546A2001A16C7 /* UIColor+Flat.m */,
				8B30706F1E972D850072B35C /* NSDate+Common.h */,
				8B3070701E972D850072B35C /* NSDate+Common.m */,
				8BA9E2691E98B66300F7A6E2 /* NSMutableArray+Common.h */,
				8BA9E26A1E98B66300F7A6E2 /* NSMutableArray+Common.m */,
				8BA9E26E1E98E4E900F7A6E2 /* UIViewController+Common.h */,
				8BA9E26F1E98E4E900F7A6E2 /* UIViewController+Common.m */,
				8BA9E2711E98ECDE00F7A6E2 /* UIImage+Common.h */,
				8BA9E2721E98ECDE00F7A6E2 /* UIImage+Common.m */,
				7D0A73D21EBDC5E900EE9092 /* UIAlertController+Common.h */,
				7D0A73D31EBDC5E900EE9092 /* UIAlertController+Common.m */,
			);
			name = Category;
			sourceTree = "<group>";
		};
		8B306FE71E949ACB0072B35C = {
			isa = PBXGroup;
			children = (
				8B306FF21E949ACB0072B35C /* 路线规划 */,
				8B30700C1E949ACB0072B35C /* 路线规划Tests */,
				8B3070171E949ACB0072B35C /* 路线规划UITests */,
				8B306FF11E949ACB0072B35C /* Products */,
				743FA90CEA37186154AF106C /* Pods */,
				5F1103E48E884484A26E80E8 /* Frameworks */,
			);
			sourceTree = "<group>";
		};
		8B306FF11E949ACB0072B35C /* Products */ = {
			isa = PBXGroup;
			children = (
				8B306FF01E949ACB0072B35C /* 路线规划.app */,
				8B3070091E949ACB0072B35C /* 路线规划Tests.xctest */,
				8B3070141E949ACB0072B35C /* 路线规划UITests.xctest */,
			);
			name = Products;
			sourceTree = "<group>";
		};
		8B306FF21E949ACB0072B35C /* 路线规划 */ = {
			isa = PBXGroup;
			children = (
				8B3070671E9634750072B35C /* Tools */,
				8B30704D1E95E84B0072B35C /* Controller */,
				7D3D98F11E95468D001A16C7 /* Category */,
				7D3D98E51E9543DC001A16C7 /* View */,
				8B3070311E94F9B00072B35C /* Model */,
				8B306FF61E949ACB0072B35C /* AppDelegate.h */,
				8B306FF71E949ACB0072B35C /* AppDelegate.m */,
				8B3070261E94B2120072B35C /* Personal.h */,
				7D3D98F61E954778001A16C7 /* PrefixHeader.pch */,
				8BA9E26C1E98DC9500F7A6E2 /* Public.h */,
				8B306FF91E949ACB0072B35C /* ViewController.h */,
				8B306FFA1E949ACB0072B35C /* ViewController.m */,
				8B306FFC1E949ACB0072B35C /* Main.storyboard */,
				8B306FFF1E949ACB0072B35C /* Assets.xcassets */,
				8B3070011E949ACB0072B35C /* LaunchScreen.storyboard */,
				8B3070041E949ACB0072B35C /* Info.plist */,
				8B306FF31E949ACB0072B35C /* Supporting Files */,
			);
			path = "路线规划";
			sourceTree = "<group>";
		};
		8B306FF31E949ACB0072B35C /* Supporting Files */ = {
			isa = PBXGroup;
			children = (
				8B306FF41E949ACB0072B35C /* main.m */,
			);
			name = "Supporting Files";
			sourceTree = "<group>";
		};
		8B30700C1E949ACB0072B35C /* 路线规划Tests */ = {
			isa = PBXGroup;
			children = (
				8B30700D1E949ACB0072B35C /* ____Tests.m */,
				8B30700F1E949ACB0072B35C /* Info.plist */,
			);
			path = "路线规划Tests";
			sourceTree = "<group>";
		};
		8B3070171E949ACB0072B35C /* 路线规划UITests */ = {
			isa = PBXGroup;
			children = (
				8B3070181E949ACB0072B35C /* ____UITests.m */,
				8B30701A1E949ACB0072B35C /* Info.plist */,
			);
			path = "路线规划UITests";
			sourceTree = "<group>";
		};
		8B3070311E94F9B00072B35C /* Model */ = {
			isa = PBXGroup;
			children = (
				8BA9E2631E987C4B00F7A6E2 /* StartStopModel.h */,
				8BA9E2641E987C4B00F7A6E2 /* StartStopModel.m */,
				8BA9E2661E987C5E00F7A6E2 /* DestinationStopModel.h */,
				8BA9E2671E987C5E00F7A6E2 /* DestinationStopModel.m */,
			);
			name = Model;
			sourceTree = "<group>";
		};
		8B30704D1E95E84B0072B35C /* Controller */ = {
			isa = PBXGroup;
			children = (
				8BA9E26D1E98E21C00F7A6E2 /* BaseVC */,
				8B3070271E94C1860072B35C /* SearchViewController.h */,
				8B3070281E94C1860072B35C /* SearchViewController.m */,
				7D3D98EE1E954544001A16C7 /* TransitResultViewController.h */,
				7D3D98EF1E954544001A16C7 /* TransitResultViewController.m */,
				8B3070511E95EAC30072B35C /* RouteMapDetailViewController.h */,
				8B3070521E95EAC30072B35C /* RouteMapDetailViewController.m */,
				7D0A73CC1EB5440B00EE9092 /* SpeedRecognitionViewController.h */,
				7D0A73CD1EB5440B00EE9092 /* SpeedRecognitionViewController.m */,
			);
			name = Controller;
			sourceTree = "<group>";
		};
		8B3070611E96218D0072B35C /* RouteMapDetail */ = {
			isa = PBXGroup;
			children = (
				8B30705C1E9620710072B35C /* WalkCell.h */,
				8B30705D1E9620710072B35C /* WalkCell.m */,
				8B30705E1E9620710072B35C /* WalkCell.xib */,
				8BA9E2531E976AEE00F7A6E2 /* StationCell.h */,
				8BA9E2541E976AEE00F7A6E2 /* StationCell.m */,
				8BA9E2551E976AEE00F7A6E2 /* StationCell.xib */,
				8BA9E2591E98754400F7A6E2 /* StartStopCell.h */,
				8BA9E25A1E98754400F7A6E2 /* StartStopCell.m */,
				8BA9E25B1E98754400F7A6E2 /* StartStopCell.xib */,
				8BA9E25E1E98756500F7A6E2 /* DestinationStopCell.h */,
				8BA9E25F1E98756500F7A6E2 /* DestinationStopCell.m */,
				8BA9E2601E98756500F7A6E2 /* DestinationStopCell.xib */,
			);
			name = RouteMapDetail;
			sourceTree = "<group>";
		};
		8B3070671E9634750072B35C /* Tools */ = {
			isa = PBXGroup;
			children = (
				8B3070681E9634990072B35C /* ReGoecode.h */,
				8B3070691E9634990072B35C /* ReGoecode.m */,
				7D0A73CF1EB5A22C00EE9092 /* SpeedRecognition.h */,
				7D0A73D01EB5A22C00EE9092 /* SpeedRecognition.m */,
			);
			name = Tools;
			sourceTree = "<group>";
		};
		8B505EB71E9B2CC4002776CE /* TipsView */ = {
			isa = PBXGroup;
			children = (
				8B505EB81E9B2D0B002776CE /* SearchTipsCell.h */,
				8B505EB91E9B2D0B002776CE /* SearchTipsCell.m */,
				8B505EBA1E9B2D0B002776CE /* SearchTipsCell.xib */,
				8B7A670F1E9B32FA00BCC29A /* TipsEmptyView.h */,
				8B7A67101E9B32FA00BCC29A /* TipsEmptyView.m */,
			);
			name = TipsView;
			sourceTree = "<group>";
		};
		8BA9E26D1E98E21C00F7A6E2 /* BaseVC */ = {
			isa = PBXGroup;
			children = (
				7D3D98F71E955083001A16C7 /* TransitGuideViewController.h */,
				7D3D98F81E955083001A16C7 /* TransitGuideViewController.m */,
				8B30704E1E95E90F0072B35C /* BaseViewController.h */,
				8B30704F1E95E90F0072B35C /* BaseViewController.m */,
			);
			name = BaseVC;
			sourceTree = "<group>";
		};
/* End PBXGroup section */

/* Begin PBXNativeTarget section */
		8B306FEF1E949ACB0072B35C /* 路线规划 */ = {
			isa = PBXNativeTarget;
			buildConfigurationList = 8B30701D1E949ACB0072B35C /* Build configuration list for PBXNativeTarget "路线规划" */;
			buildPhases = (
				278C130706984FFFE4864DDC /* [CP] Check Pods Manifest.lock */,
				8B306FEC1E949ACB0072B35C /* Sources */,
				8B306FED1E949ACB0072B35C /* Frameworks */,
				8B306FEE1E949ACB0072B35C /* Resources */,
				4858682D73EC842697245A33 /* [CP] Embed Pods Frameworks */,
				7CA3F159AD930A2E797EA421 /* [CP] Copy Pods Resources */,
				8BBBA6E51E9F0D920061CEEC /* Custom Warning */,
			);
			buildRules = (
			);
			dependencies = (
			);
			name = "路线规划";
			productName = "路线规划";
			productReference = 8B306FF01E949ACB0072B35C /* 路线规划.app */;
			productType = "com.apple.product-type.application";
		};
		8B3070081E949ACB0072B35C /* 路线规划Tests */ = {
			isa = PBXNativeTarget;
			buildConfigurationList = 8B3070201E949ACB0072B35C /* Build configuration list for PBXNativeTarget "路线规划Tests" */;
			buildPhases = (
				8B3070051E949ACB0072B35C /* Sources */,
				8B3070061E949ACB0072B35C /* Frameworks */,
				8B3070071E949ACB0072B35C /* Resources */,
			);
			buildRules = (
			);
			dependencies = (
				8B30700B1E949ACB0072B35C /* PBXTargetDependency */,
			);
			name = "路线规划Tests";
			productName = "路线规划Tests";
			productReference = 8B3070091E949ACB0072B35C /* 路线规划Tests.xctest */;
			productType = "com.apple.product-type.bundle.unit-test";
		};
		8B3070131E949ACB0072B35C /* 路线规划UITests */ = {
			isa = PBXNativeTarget;
			buildConfigurationList = 8B3070231E949ACB0072B35C /* Build configuration list for PBXNativeTarget "路线规划UITests" */;
			buildPhases = (
				8B3070101E949ACB0072B35C /* Sources */,
				8B3070111E949ACB0072B35C /* Frameworks */,
				8B3070121E949ACB0072B35C /* Resources */,
			);
			buildRules = (
			);
			dependencies = (
				8B3070161E949ACB0072B35C /* PBXTargetDependency */,
			);
			name = "路线规划UITests";
			productName = "路线规划UITests";
			productReference = 8B3070141E949ACB0072B35C /* 路线规划UITests.xctest */;
			productType = "com.apple.product-type.bundle.ui-testing";
		};
/* End PBXNativeTarget section */

/* Begin PBXProject section */
		8B306FE81E949ACB0072B35C /* Project object */ = {
			isa = PBXProject;
			attributes = {
				LastUpgradeCheck = 0820;
				ORGANIZATIONNAME = klone1127;
				TargetAttributes = {
					8B306FEF1E949ACB0072B35C = {
						CreatedOnToolsVersion = 8.2.1;
						DevelopmentTeam = 9B2M6PYX58;
						ProvisioningStyle = Automatic;
						SystemCapabilities = {
							com.apple.BackgroundModes = {
								enabled = 1;
							};
						};
					};
					8B3070081E949ACB0072B35C = {
						CreatedOnToolsVersion = 8.2.1;
						ProvisioningStyle = Automatic;
						TestTargetID = 8B306FEF1E949ACB0072B35C;
					};
					8B3070131E949ACB0072B35C = {
						CreatedOnToolsVersion = 8.2.1;
						ProvisioningStyle = Automatic;
						TestTargetID = 8B306FEF1E949ACB0072B35C;
					};
				};
			};
			buildConfigurationList = 8B306FEB1E949ACB0072B35C /* Build configuration list for PBXProject "路线规划" */;
			compatibilityVersion = "Xcode 3.2";
			developmentRegion = English;
			hasScannedForEncodings = 0;
			knownRegions = (
				en,
				Base,
			);
			mainGroup = 8B306FE71E949ACB0072B35C;
			productRefGroup = 8B306FF11E949ACB0072B35C /* Products */;
			projectDirPath = "";
			projectRoot = "";
			targets = (
				8B306FEF1E949ACB0072B35C /* 路线规划 */,
				8B3070081E949ACB0072B35C /* 路线规划Tests */,
				8B3070131E949ACB0072B35C /* 路线规划UITests */,
			);
		};
/* End PBXProject section */

/* Begin PBXResourcesBuildPhase section */
		8B306FEE1E949ACB0072B35C /* Resources */ = {
			isa = PBXResourcesBuildPhase;
			buildActionMask = 2147483647;
			files = (
				8B3070031E949ACB0072B35C /* LaunchScreen.storyboard in Resources */,
				8BA9E2621E98756500F7A6E2 /* DestinationStopCell.xib in Resources */,
				7D3D98EA1E954431001A16C7 /* TransitTableViewCell.xib in Resources */,
				8B3070001E949ACB0072B35C /* Assets.xcassets in Resources */,
				8B3070601E9620710072B35C /* WalkCell.xib in Resources */,
				8BA9E2571E976AEE00F7A6E2 /* StationCell.xib in Resources */,
				8BA9E25D1E98754400F7A6E2 /* StartStopCell.xib in Resources */,
				8B306FFE1E949ACB0072B35C /* Main.storyboard in Resources */,
				8B505EBC1E9B2D0B002776CE /* SearchTipsCell.xib in Resources */,
			);
			runOnlyForDeploymentPostprocessing = 0;
		};
		8B3070071E949ACB0072B35C /* Resources */ = {
			isa = PBXResourcesBuildPhase;
			buildActionMask = 2147483647;
			files = (
			);
			runOnlyForDeploymentPostprocessing = 0;
		};
		8B3070121E949ACB0072B35C /* Resources */ = {
			isa = PBXResourcesBuildPhase;
			buildActionMask = 2147483647;
			files = (
			);
			runOnlyForDeploymentPostprocessing = 0;
		};
/* End PBXResourcesBuildPhase section */

/* Begin PBXShellScriptBuildPhase section */
		278C130706984FFFE4864DDC /* [CP] Check Pods Manifest.lock */ = {
			isa = PBXShellScriptBuildPhase;
			buildActionMask = 2147483647;
			files = (
			);
			inputPaths = (
			);
			name = "[CP] Check Pods Manifest.lock";
			outputPaths = (
			);
			runOnlyForDeploymentPostprocessing = 0;
			shellPath = /bin/sh;
			shellScript = "diff \"${PODS_ROOT}/../Podfile.lock\" \"${PODS_ROOT}/Manifest.lock\" > /dev/null\nif [ $? != 0 ] ; then\n    # print error to STDERR\n    echo \"error: The sandbox is not in sync with the Podfile.lock. Run 'pod install' or update your CocoaPods installation.\" >&2\n    exit 1\nfi\n";
			showEnvVarsInLog = 0;
		};
		4858682D73EC842697245A33 /* [CP] Embed Pods Frameworks */ = {
			isa = PBXShellScriptBuildPhase;
			buildActionMask = 2147483647;
			files = (
			);
			inputPaths = (
			);
			name = "[CP] Embed Pods Frameworks";
			outputPaths = (
			);
			runOnlyForDeploymentPostprocessing = 0;
			shellPath = /bin/sh;
			shellScript = "\"${SRCROOT}/Pods/Target Support Files/Pods-路线规划/Pods-路线规划-frameworks.sh\"\n";
			showEnvVarsInLog = 0;
		};
		7CA3F159AD930A2E797EA421 /* [CP] Copy Pods Resources */ = {
			isa = PBXShellScriptBuildPhase;
			buildActionMask = 2147483647;
			files = (
			);
			inputPaths = (
			);
			name = "[CP] Copy Pods Resources";
			outputPaths = (
			);
			runOnlyForDeploymentPostprocessing = 0;
			shellPath = /bin/sh;
			shellScript = "\"${SRCROOT}/Pods/Target Support Files/Pods-路线规划/Pods-路线规划-resources.sh\"\n";
			showEnvVarsInLog = 0;
		};
		8BBBA6E51E9F0D920061CEEC /* Custom Warning */ = {
			isa = PBXShellScriptBuildPhase;
			buildActionMask = 2147483647;
			files = (
			);
			inputPaths = (
			);
			name = "Custom Warning";
			outputPaths = (
			);
			runOnlyForDeploymentPostprocessing = 0;
			shellPath = /bin/sh;
			shellScript = "TAGS=\"TODO:|FIXME:\"\necho \"searching ${SRCROOT} for ${TAGS}\"\nfind \"${SRCROOT}\" \\( -name \"*.h\" -or -name \"*.m\" \\) -print0 | xargs -0 egrep --with-filename --line-number --only-matching \"($TAGS).*\\$\" | perl -p -e \"s/($TAGS)/ warning: \\$1/\"";
		};
/* End PBXShellScriptBuildPhase section */

/* Begin PBXSourcesBuildPhase section */
		8B306FEC1E949ACB0072B35C /* Sources */ = {
			isa = PBXSourcesBuildPhase;
			buildActionMask = 2147483647;
			files = (
				7D3D98F41E9546A2001A16C7 /* UIColor+Flat.m in Sources */,
				8BA9E2681E987C5E00F7A6E2 /* DestinationStopModel.m in Sources */,
				8B3070501E95E90F0072B35C /* BaseViewController.m in Sources */,
				8BA9E2731E98ECDE00F7A6E2 /* UIImage+Common.m in Sources */,
				8B3070531E95EAC30072B35C /* RouteMapDetailViewController.m in Sources */,
				8B306FFB1E949ACB0072B35C /* ViewController.m in Sources */,
				7D0A73CE1EB5440B00EE9092 /* SpeedRecognitionViewController.m in Sources */,
				8B306FF81E949ACB0072B35C /* AppDelegate.m in Sources */,
				8B3070291E94C1860072B35C /* SearchViewController.m in Sources */,
				7D3D98F91E955083001A16C7 /* TransitGuideViewController.m in Sources */,
				8B505EBB1E9B2D0B002776CE /* SearchTipsCell.m in Sources */,
				8BA9E2611E98756500F7A6E2 /* DestinationStopCell.m in Sources */,
				8BA9E2651E987C4B00F7A6E2 /* StartStopModel.m in Sources */,
				7D3D98E91E954431001A16C7 /* TransitTableViewCell.m in Sources */,
				8BA9E2701E98E4E900F7A6E2 /* UIViewController+Common.m in Sources */,
				8BA9E26B1E98B66300F7A6E2 /* NSMutableArray+Common.m in Sources */,
				7D0A73D11EB5A22C00EE9092 /* SpeedRecognition.m in Sources */,
				8BA9E25C1E98754400F7A6E2 /* StartStopCell.m in Sources */,
				8BA9E2561E976AEE00F7A6E2 /* StationCell.m in Sources */,
				7D3D98F01E954544001A16C7 /* TransitResultViewController.m in Sources */,
				8B3070561E95EC1A0072B35C /* LocationView.m in Sources */,
				8B30702E1E94D4200072B35C /* SearchView.m in Sources */,
				8B306FF51E949ACB0072B35C /* main.m in Sources */,
				7D0A73D41EBDC5E900EE9092 /* UIAlertController+Common.m in Sources */,
				8B7A67111E9B32FA00BCC29A /* TipsEmptyView.m in Sources */,
				8B30705F1E9620710072B35C /* WalkCell.m in Sources */,
				8B3070711E972D850072B35C /* NSDate+Common.m in Sources */,
				8B30706A1E9634990072B35C /* ReGoecode.m in Sources */,
			);
			runOnlyForDeploymentPostprocessing = 0;
		};
		8B3070051E949ACB0072B35C /* Sources */ = {
			isa = PBXSourcesBuildPhase;
			buildActionMask = 2147483647;
			files = (
				8B30700E1E949ACB0072B35C /* ____Tests.m in Sources */,
			);
			runOnlyForDeploymentPostprocessing = 0;
		};
		8B3070101E949ACB0072B35C /* Sources */ = {
			isa = PBXSourcesBuildPhase;
			buildActionMask = 2147483647;
			files = (
				8B3070191E949ACB0072B35C /* ____UITests.m in Sources */,
			);
			runOnlyForDeploymentPostprocessing = 0;
		};
/* End PBXSourcesBuildPhase section */

/* Begin PBXTargetDependency section */
		8B30700B1E949ACB0072B35C /* PBXTargetDependency */ = {
			isa = PBXTargetDependency;
			target = 8B306FEF1E949ACB0072B35C /* 路线规划 */;
			targetProxy = 8B30700A1E949ACB0072B35C /* PBXContainerItemProxy */;
		};
		8B3070161E949ACB0072B35C /* PBXTargetDependency */ = {
			isa = PBXTargetDependency;
			target = 8B306FEF1E949ACB0072B35C /* 路线规划 */;
			targetProxy = 8B3070151E949ACB0072B35C /* PBXContainerItemProxy */;
		};
/* End PBXTargetDependency section */

/* Begin PBXVariantGroup section */
		8B306FFC1E949ACB0072B35C /* Main.storyboard */ = {
			isa = PBXVariantGroup;
			children = (
				8B306FFD1E949ACB0072B35C /* Base */,
			);
			name = Main.storyboard;
			sourceTree = "<group>";
		};
		8B3070011E949ACB0072B35C /* LaunchScreen.storyboard */ = {
			isa = PBXVariantGroup;
			children = (
				8B3070021E949ACB0072B35C /* Base */,
			);
			name = LaunchScreen.storyboard;
			sourceTree = "<group>";
		};
/* End PBXVariantGroup section */

/* Begin XCBuildConfiguration section */
		8B30701B1E949ACB0072B35C /* Debug */ = {
			isa = XCBuildConfiguration;
			buildSettings = {
				ALWAYS_SEARCH_USER_PATHS = NO;
				CLANG_ANALYZER_NONNULL = YES;
				CLANG_CXX_LANGUAGE_STANDARD = "gnu++0x";
				CLANG_CXX_LIBRARY = "libc++";
				CLANG_ENABLE_MODULES = YES;
				CLANG_ENABLE_OBJC_ARC = YES;
				CLANG_WARN_BOOL_CONVERSION = YES;
				CLANG_WARN_CONSTANT_CONVERSION = YES;
				CLANG_WARN_DIRECT_OBJC_ISA_USAGE = YES_ERROR;
				CLANG_WARN_DOCUMENTATION_COMMENTS = YES;
				CLANG_WARN_EMPTY_BODY = YES;
				CLANG_WARN_ENUM_CONVERSION = YES;
				CLANG_WARN_INFINITE_RECURSION = YES;
				CLANG_WARN_INT_CONVERSION = YES;
				CLANG_WARN_OBJC_ROOT_CLASS = YES_ERROR;
				CLANG_WARN_SUSPICIOUS_MOVE = YES;
				CLANG_WARN_UNREACHABLE_CODE = YES;
				CLANG_WARN__DUPLICATE_METHOD_MATCH = YES;
				"CODE_SIGN_IDENTITY[sdk=iphoneos*]" = "iPhone Developer";
				COPY_PHASE_STRIP = NO;
				DEBUG_INFORMATION_FORMAT = dwarf;
				ENABLE_STRICT_OBJC_MSGSEND = YES;
				ENABLE_TESTABILITY = YES;
				GCC_C_LANGUAGE_STANDARD = gnu99;
				GCC_DYNAMIC_NO_PIC = NO;
				GCC_INCREASE_PRECOMPILED_HEADER_SHARING = YES;
				GCC_NO_COMMON_BLOCKS = YES;
				GCC_OPTIMIZATION_LEVEL = 0;
				GCC_PRECOMPILE_PREFIX_HEADER = YES;
				GCC_PREFIX_HEADER = "$(SRCROOT)/路线规划/PrefixHeader.pch";
				GCC_PREPROCESSOR_DEFINITIONS = (
					"DEBUG=1",
					"$(inherited)",
				);
				GCC_WARN_64_TO_32_BIT_CONVERSION = YES;
				GCC_WARN_ABOUT_RETURN_TYPE = YES_ERROR;
				GCC_WARN_UNDECLARED_SELECTOR = YES;
				GCC_WARN_UNINITIALIZED_AUTOS = YES_AGGRESSIVE;
				GCC_WARN_UNUSED_FUNCTION = YES;
				GCC_WARN_UNUSED_VARIABLE = YES;
				IPHONEOS_DEPLOYMENT_TARGET = 11.0;
				MTL_ENABLE_DEBUG_INFO = YES;
				ONLY_ACTIVE_ARCH = YES;
				SDKROOT = iphoneos;
				TARGETED_DEVICE_FAMILY = "1,2";
			};
			name = Debug;
		};
		8B30701C1E949ACB0072B35C /* Release */ = {
			isa = XCBuildConfiguration;
			buildSettings = {
				ALWAYS_SEARCH_USER_PATHS = NO;
				CLANG_ANALYZER_NONNULL = YES;
				CLANG_CXX_LANGUAGE_STANDARD = "gnu++0x";
				CLANG_CXX_LIBRARY = "libc++";
				CLANG_ENABLE_MODULES = YES;
				CLANG_ENABLE_OBJC_ARC = YES;
				CLANG_WARN_BOOL_CONVERSION = YES;
				CLANG_WARN_CONSTANT_CONVERSION = YES;
				CLANG_WARN_DIRECT_OBJC_ISA_USAGE = YES_ERROR;
				CLANG_WARN_DOCUMENTATION_COMMENTS = YES;
				CLANG_WARN_EMPTY_BODY = YES;
				CLANG_WARN_ENUM_CONVERSION = YES;
				CLANG_WARN_INFINITE_RECURSION = YES;
				CLANG_WARN_INT_CONVERSION = YES;
				CLANG_WARN_OBJC_ROOT_CLASS = YES_ERROR;
				CLANG_WARN_SUSPICIOUS_MOVE = YES;
				CLANG_WARN_UNREACHABLE_CODE = YES;
				CLANG_WARN__DUPLICATE_METHOD_MATCH = YES;
				"CODE_SIGN_IDENTITY[sdk=iphoneos*]" = "iPhone Developer";
				COPY_PHASE_STRIP = NO;
				DEBUG_INFORMATION_FORMAT = "dwarf-with-dsym";
				ENABLE_NS_ASSERTIONS = NO;
				ENABLE_STRICT_OBJC_MSGSEND = YES;
				GCC_C_LANGUAGE_STANDARD = gnu99;
				GCC_INCREASE_PRECOMPILED_HEADER_SHARING = YES;
				GCC_NO_COMMON_BLOCKS = YES;
				GCC_PRECOMPILE_PREFIX_HEADER = YES;
				GCC_PREFIX_HEADER = "$(SRCROOT)/路线规划/PrefixHeader.pch";
				GCC_WARN_64_TO_32_BIT_CONVERSION = YES;
				GCC_WARN_ABOUT_RETURN_TYPE = YES_ERROR;
				GCC_WARN_UNDECLARED_SELECTOR = YES;
				GCC_WARN_UNINITIALIZED_AUTOS = YES_AGGRESSIVE;
				GCC_WARN_UNUSED_FUNCTION = YES;
				GCC_WARN_UNUSED_VARIABLE = YES;
				IPHONEOS_DEPLOYMENT_TARGET = 11.0;
				MTL_ENABLE_DEBUG_INFO = NO;
				SDKROOT = iphoneos;
				TARGETED_DEVICE_FAMILY = "1,2";
				VALIDATE_PRODUCT = YES;
			};
			name = Release;
		};
		8B30701E1E949ACB0072B35C /* Debug */ = {
			isa = XCBuildConfiguration;
			baseConfigurationReference = B2158DFDE25BFDF8B72B8984 /* Pods-路线规划.debug.xcconfig */;
			buildSettings = {
				ASSETCATALOG_COMPILER_APPICON_NAME = AppIcon;
				CLANG_WARN_DOCUMENTATION_COMMENTS = NO;
				"CODE_SIGN_IDENTITY[sdk=iphoneos*]" = "iPhone Developer";
				DEVELOPMENT_TEAM = 9B2M6PYX58;
				INFOPLIST_FILE = "路线规划/Info.plist";
				LD_RUNPATH_SEARCH_PATHS = "$(inherited) @executable_path/Frameworks";
				PRODUCT_BUNDLE_IDENTIFIER = com.klone1127.navigation;
				PRODUCT_NAME = "$(TARGET_NAME)";
			};
			name = Debug;
		};
		8B30701F1E949ACB0072B35C /* Release */ = {
			isa = XCBuildConfiguration;
			baseConfigurationReference = C16EB73FBC8B5A8BB3348BF5 /* Pods-路线规划.release.xcconfig */;
			buildSettings = {
				ASSETCATALOG_COMPILER_APPICON_NAME = AppIcon;
				CLANG_WARN_DOCUMENTATION_COMMENTS = NO;
				"CODE_SIGN_IDENTITY[sdk=iphoneos*]" = "iPhone Developer";
				DEVELOPMENT_TEAM = 9B2M6PYX58;
				INFOPLIST_FILE = "路线规划/Info.plist";
				LD_RUNPATH_SEARCH_PATHS = "$(inherited) @executable_path/Frameworks";
				PRODUCT_BUNDLE_IDENTIFIER = com.klone1127.navigation;
				PRODUCT_NAME = "$(TARGET_NAME)";
			};
			name = Release;
		};
		8B3070211E949ACB0072B35C /* Debug */ = {
			isa = XCBuildConfiguration;
			buildSettings = {
				BUNDLE_LOADER = "$(TEST_HOST)";
				INFOPLIST_FILE = "路线规划Tests/Info.plist";
				LD_RUNPATH_SEARCH_PATHS = "$(inherited) @executable_path/Frameworks @loader_path/Frameworks";
				PRODUCT_BUNDLE_IDENTIFIER = "com.klone1127.----Tests";
				PRODUCT_NAME = "$(TARGET_NAME)";
				TEST_HOST = "$(BUILT_PRODUCTS_DIR)/路线规划.app/路线规划";
			};
			name = Debug;
		};
		8B3070221E949ACB0072B35C /* Release */ = {
			isa = XCBuildConfiguration;
			buildSettings = {
				BUNDLE_LOADER = "$(TEST_HOST)";
				INFOPLIST_FILE = "路线规划Tests/Info.plist";
				LD_RUNPATH_SEARCH_PATHS = "$(inherited) @executable_path/Frameworks @loader_path/Frameworks";
				PRODUCT_BUNDLE_IDENTIFIER = "com.klone1127.----Tests";
				PRODUCT_NAME = "$(TARGET_NAME)";
				TEST_HOST = "$(BUILT_PRODUCTS_DIR)/路线规划.app/路线规划";
			};
			name = Release;
		};
		8B3070241E949ACB0072B35C /* Debug */ = {
			isa = XCBuildConfiguration;
			buildSettings = {
				INFOPLIST_FILE = "路线规划UITests/Info.plist";
				LD_RUNPATH_SEARCH_PATHS = "$(inherited) @executable_path/Frameworks @loader_path/Frameworks";
				PRODUCT_BUNDLE_IDENTIFIER = "com.klone1127.----UITests";
				PRODUCT_NAME = "$(TARGET_NAME)";
				TEST_TARGET_NAME = "路线规划";
			};
			name = Debug;
		};
		8B3070251E949ACB0072B35C /* Release */ = {
			isa = XCBuildConfiguration;
			buildSettings = {
				INFOPLIST_FILE = "路线规划UITests/Info.plist";
				LD_RUNPATH_SEARCH_PATHS = "$(inherited) @executable_path/Frameworks @loader_path/Frameworks";
				PRODUCT_BUNDLE_IDENTIFIER = "com.klone1127.----UITests";
				PRODUCT_NAME = "$(TARGET_NAME)";
				TEST_TARGET_NAME = "路线规划";
			};
			name = Release;
		};
/* End XCBuildConfiguration section */

/* Begin XCConfigurationList section */
		8B306FEB1E949ACB0072B35C /* Build configuration list for PBXProject "路线规划" */ = {
			isa = XCConfigurationList;
			buildConfigurations = (
				8B30701B1E949ACB0072B35C /* Debug */,
				8B30701C1E949ACB0072B35C /* Release */,
			);
			defaultConfigurationIsVisible = 0;
			defaultConfigurationName = Release;
		};
		8B30701D1E949ACB0072B35C /* Build configuration list for PBXNativeTarget "路线规划" */ = {
			isa = XCConfigurationList;
			buildConfigurations = (
				8B30701E1E949ACB0072B35C /* Debug */,
				8B30701F1E949ACB0072B35C /* Release */,
			);
			defaultConfigurationIsVisible = 0;
			defaultConfigurationName = Release;
		};
		8B3070201E949ACB0072B35C /* Build configuration list for PBXNativeTarget "路线规划Tests" */ = {
			isa = XCConfigurationList;
			buildConfigurations = (
				8B3070211E949ACB0072B35C /* Debug */,
				8B3070221E949ACB0072B35C /* Release */,
			);
			defaultConfigurationIsVisible = 0;
			defaultConfigurationName = Release;
		};
		8B3070231E949ACB0072B35C /* Build configuration list for PBXNativeTarget "路线规划UITests" */ = {
			isa = XCConfigurationList;
			buildConfigurations = (
				8B3070241E949ACB0072B35C /* Debug */,
				8B3070251E949ACB0072B35C /* Release */,
			);
			defaultConfigurationIsVisible = 0;
			defaultConfigurationName = Release;
		};
/* End XCConfigurationList section */
	};
	rootObject = 8B306FE81E949ACB0072B35C /* Project object */;
}
