PODS:
  - AFNetworking (3.1.0):
    - AFNetworking/NSURLSession (= 3.1.0)
    - AFNetworking/Reachability (= 3.1.0)
    - AFNetworking/Security (= 3.1.0)
    - AFNetworking/Serialization (= 3.1.0)
    - AFNetworking/UIKit (= 3.1.0)
  - AFNetworking/NSURLSession (3.1.0):
    - AFNetworking/Reachability
    - AFNetworking/Security
    - AFNetworking/Serialization
  - AFNetworking/Reachability (3.1.0)
  - AFNetworking/Security (3.1.0)
  - AFNetworking/Serialization (3.1.0)
  - AFNetworking/UIKit (3.1.0):
    - AFNetworking/NSURLSession
  - AMap3DMap (4.6.1):
    - AMapFoundation (~> 1.3)
  - AMapFoundation (1.3.3)
  - AMapNavi (2.3.0):
    - AMap3DMap (~> 4.2)
    - AMapFoundation (~> 1.2)
  - AMapSearch (4.5.0):
    - AMapFoundation (~> 1.2)
  - JSONModel (1.7.0)
  - Masonry (1.0.2)
  - UMengAnalytics-NO-IDFA (4.1.9)

DEPENDENCIES:
  - AFNetworking (~> 3.1.0)
  - AMapNavi
  - AMapSearch
  - JSONModel (~> 1.7.0)
  - Masonry (~> 1.0.2)
  - UMengAnalytics-NO-IDFA

SPEC CHECKSUMS:
  AFNetworking: 5e0e199f73d8626b11e79750991f5d173d1f8b67
  AMap3DMap: eb6656fb441ed7eb310b3c121032e947d4d649e5
  AMapFoundation: c086329a1f19afec00e4c197863665235eb43dc2
  AMapNavi: 4f48c7b34275f80f3d14eff669ac739e0e190c1b
  AMapSearch: 7a6ebc20a42e34a021b042b047f198082fc2fc30
  JSONModel: 840bc0fcffb24b8454d2c026bf26fea454b8e98d
  Masonry: 7c429b56da9d4ee0bbb3ed77a5ea710d6a5df39e
  UMengAnalytics-NO-IDFA: 985292af177111685325c90c321094172b95d2cb

PODFILE CHECKSUM: 8c72d927afac54012b11b80e17eac3ef9e8671af

COCOAPODS: 1.1.1
