PODS:
  - AFNetworking (3.2.1):
    - AFNetworking/NSURLSession (= 3.2.1)
    - AFNetworking/Reachability (= 3.2.1)
    - AFNetworking/Security (= 3.2.1)
    - AFNetworking/Serialization (= 3.2.1)
    - AFNetworking/UIKit (= 3.2.1)
  - AFNetworking/NSURLSession (3.2.1):
    - AFNetworking/Reachability
    - AFNetworking/Security
    - AFNetworking/Serialization
  - AFNetworking/Reachability (3.2.1)
  - AFNetworking/Security (3.2.1)
  - AFNetworking/Serialization (3.2.1)
  - AFNetworking/UIKit (3.2.1):
    - AFNetworking/NSURLSession
  - AMap3DMap-NO-IDFA (6.8.1):
    - AMapFoundation-NO-IDFA (~> 1.5)
  - AMapFoundation-NO-IDFA (1.5.6)
  - AMapLocation-NO-IDFA (2.6.2):
    - AMapFoundation-NO-IDFA (~> 1.4)
  - AMapNavi-NO-IDFA (6.7.0):
    - AMap3DMap-NO-IDFA (~> 6.7)
    - AMapFoundation-NO-IDFA (~> 1.5)
  - AMapSearch-NO-IDFA (6.6.0):
    - AMapFoundation-NO-IDFA (~> 1.4)
  - JSONModel (1.8.0)
  - Masonry (1.1.0)
  - pop (1.0.11)
  - UMengAnalytics-NO-IDFA (4.2.5)

DEPENDENCIES:
  - AFNetworking
  - AMapLocation-NO-IDFA
  - AMapNavi-NO-IDFA
  - AMapSearch-NO-IDFA
  - JSONModel
  - Masonry
  - pop (from `https://github.com/facebook/pop.git`)
  - UMengAnalytics-NO-IDFA

SPEC REPOS:
  https://github.com/cocoapods/specs.git:
    - AFNetworking
    - AMap3DMap-NO-IDFA
    - AMapFoundation-NO-IDFA
    - AMapLocation-NO-IDFA
    - AMapNavi-NO-IDFA
    - AMapSearch-NO-IDFA
    - JSONModel
    - Masonry
    - UMengAnalytics-NO-IDFA

EXTERNAL SOURCES:
  pop:
    :git: https://github.com/facebook/pop.git

CHECKOUT OPTIONS:
  pop:
    :commit: 87d1f8b74cdaa4699d7a9f6be1ff5202014c581f
    :git: https://github.com/facebook/pop.git

SPEC CHECKSUMS:
  AFNetworking: b6f891fdfaed196b46c7a83cf209e09697b94057
  AMap3DMap-NO-IDFA: c2e5a2d22535c1f55b92298acd211e3479639b77
  AMapFoundation-NO-IDFA: 40d723b352992d0f95abe2976f0c0ecda3c3ffc3
  AMapLocation-NO-IDFA: d7792c8c516f415e186f1bc25946f1a58ca6a583
  AMapNavi-NO-IDFA: ad1bdff5c62864469662c91a4c3d0a2f8b1335eb
  AMapSearch-NO-IDFA: 07651afae010f7acda12beb1f2c0f45d29069e75
  JSONModel: 02ab723958366a3fd27da57ea2af2113658762e9
  Masonry: 678fab65091a9290e40e2832a55e7ab731aad201
  pop: ae3ae187018759968252242e175c21f7f9be5dd2
  UMengAnalytics-NO-IDFA: 16666e32edce5be44ae5b14aaaa7f3582e09d6ab

PODFILE CHECKSUM: 5c1274101d5d9b0340fdd1377aca59601f568c45

COCOAPODS: 1.6.1
